
Microsoft Visual Studio Solution File, Format Version 12.00
# Visual Studio Version 17
VisualStudioVersion = 17.0.32126.317
MinimumVisualStudioVersion = 10.0.40219.1
Project("{FAE04EC0-301F-11D3-BF4B-00C04F79EFBC}") = "Stimul47", "Stimul47.csproj", "{79657285-4F74-4AC3-A526-72A252198AC6}"
EndProject
Global
	GlobalSection(SolutionConfigurationPlatforms) = preSolution
		Debug|Any CPU = Debug|Any CPU
		Release|Any CPU = Release|Any CPU
	EndGlobalSection
	GlobalSection(ProjectConfigurationPlatforms) = postSolution
		{79657285-4F74-4AC3-A526-72A252198AC6}.Debug|Any CPU.ActiveCfg = Debug|Any CPU
		{79657285-4F74-4AC3-A526-72A252198AC6}.Debug|Any CPU.Build.0 = Debug|Any CPU
		{79657285-4F74-4AC3-A526-72A252198AC6}.Release|Any CPU.ActiveCfg = Release|Any CPU
		{79657285-4F74-4AC3-A526-72A252198AC6}.Release|Any CPU.Build.0 = Release|Any CPU
	EndGlobalSection
	GlobalSection(SolutionProperties) = preSolution
		HideSolutionNode = FALSE
	EndGlobalSection
	GlobalSection(ExtensibilityGlobals) = postSolution
		SolutionGuid = {64973E82-B9D8-4C5F-AA20-32C88F21772F}
	EndGlobalSection
EndGlobal
