
Microsoft Visual Studio Solution File, Format Version 12.00
# Visual Studio Version 17
VisualStudioVersion = 17.2.32505.173
MinimumVisualStudioVersion = 10.0.40219.1
Project("{9A19103F-16F7-4668-BE54-9A1E7A4F7556}") = "Study", "Study.csproj", "{95E9653B-A7F3-41CF-BF57-AFAFCEAAD69B}"
EndProject
Project("{FAE04EC0-301F-11D3-BF4B-00C04F79EFBC}") = "Stimul47", "..\Stimul47\Stimul47.csproj", "{79657285-4F74-4AC3-A526-72A252198AC6}"
EndProject
Project("{9A19103F-16F7-4668-BE54-9A1E7A4F7556}") = "Weekly Report", "..\Weekly Report\Weekly Report.csproj", "{9E46D221-2788-4212-94FE-1D9F761C89F7}"
EndProject
Project("{FAE04EC0-301F-11D3-BF4B-00C04F79EFBC}") = "Generator for query template", "..\Generator query template\Generator for query template.csproj", "{D0200890-783A-42CD-9493-EB76AE87D60C}"
EndProject
Project("{FAE04EC0-301F-11D3-BF4B-00C04F79EFBC}") = "TestGrid", "..\TestGrid\TestGrid.csproj", "{685AA301-93B1-41D8-9ED3-C3C9A98D7EE2}"
EndProject
Project("{FAE04EC0-301F-11D3-BF4B-00C04F79EFBC}") = "UserControlDemo", "..\DemoUserControl\UserControlDemo.csproj", "{D223CB0F-B1F3-444B-865F-F2BFCAC658F1}"
EndProject
Project("{2150E333-8FDC-42A3-9474-1A3956D46DE8}") = "Demo", "Demo", "{F3EFD041-0D79-4E4C-A09C-697047F1CEF9}"
EndProject
Project("{FAE04EC0-301F-11D3-BF4B-00C04F79EFBC}") = "BindingSourceDemo", "..\BindingSourceDemo\BindingSourceDemo.csproj", "{FB18C559-7405-461D-B9A2-271CA9791143}"
EndProject
Project("{2150E333-8FDC-42A3-9474-1A3956D46DE8}") = "Test", "Test", "{1F7C645D-3D42-4F1C-B224-F351BE09A3A4}"
EndProject
Project("{FAE04EC0-301F-11D3-BF4B-00C04F79EFBC}") = "TestUC", "..\TestUC\TestUC.csproj", "{F4760243-24C1-4039-B473-82058AE3EF82}"
EndProject
Project("{FAE04EC0-301F-11D3-BF4B-00C04F79EFBC}") = "MVPDemo", "..\MVPDemo\MVPDemo.csproj", "{7EAE8084-C267-492C-9709-903DE3A07971}"
EndProject
Project("{9A19103F-16F7-4668-BE54-9A1E7A4F7556}") = "DelegateDemo", "..\DelegateDemo\DelegateDemo.csproj", "{9E741E69-839F-47EC-97EA-A6C1FA5F38A6}"
EndProject
Project("{2150E333-8FDC-42A3-9474-1A3956D46DE8}") = "Metanit", "Metanit", "{38CE03B9-7685-4D9D-B4A7-7F4C20991CD9}"
EndProject
Project("{9A19103F-16F7-4668-BE54-9A1E7A4F7556}") = "DelegateMetanitDemo", "..\DelegateMetanitDemo\DelegateMetanitDemo.csproj", "{58ADE50D-A067-4208-8023-8409509D83E2}"
EndProject
Project("{9A19103F-16F7-4668-BE54-9A1E7A4F7556}") = "InterfaceTest", "..\InterfaceTest\InterfaceTest.csproj", "{853101E5-8DB9-4D59-B6FC-302704ECCF81}"
EndProject
Project("{2150E333-8FDC-42A3-9474-1A3956D46DE8}") = "Trash", "Trash", "{0E986862-F952-484C-91C8-586176609C59}"
EndProject
Project("{9A19103F-16F7-4668-BE54-9A1E7A4F7556}") = "Test1", "..\Test1\Test1.csproj", "{62948EB4-0FDC-445A-802F-D286AB224D43}"
EndProject
Project("{9A19103F-16F7-4668-BE54-9A1E7A4F7556}") = "DemoCMD", "..\WinFormsApp1\DemoCMD.csproj", "{8B6CC623-EA70-48DA-92FD-C5775D46E5B3}"
EndProject
Project("{9A19103F-16F7-4668-BE54-9A1E7A4F7556}") = "DocDays", "..\DocDays\DocDays.csproj", "{83E54B35-E5B9-4C68-868F-27715508A44D}"
EndProject
Project("{9A19103F-16F7-4668-BE54-9A1E7A4F7556}") = "HttpButtonClick", "..\HttpButtonClick\HttpButtonClick.csproj", "{E427E74C-BE77-454E-927B-04677A48BA14}"
EndProject
Project("{FAE04EC0-301F-11D3-BF4B-00C04F79EFBC}") = "WebBrowserControl", "..\WebBrowserControl\WebBrowserControl.csproj", "{9F3631F9-457B-4098-844F-936FAB56B49E}"
EndProject
Project("{9A19103F-16F7-4668-BE54-9A1E7A4F7556}") = "WebBrowser2", "..\WebBrowser2\WebBrowser2.csproj", "{E346AC19-52C6-4AC8-A91C-5B0ADAD5F687}"
EndProject
Project("{2150E333-8FDC-42A3-9474-1A3956D46DE8}") = "CodeWars", "CodeWars", "{9E85E668-76BD-4C5B-8599-B8DC9DC8E5B5}"
EndProject
Project("{9A19103F-16F7-4668-BE54-9A1E7A4F7556}") = "CodeWars", "..\CodeWars\CodeWars.csproj", "{302DA957-6015-4F82-8DCA-2A141C3C7157}"
EndProject
Project("{9A19103F-16F7-4668-BE54-9A1E7A4F7556}") = "CodeWarsTests2", "..\CodeWarsTests2\CodeWarsTests2.csproj", "{7A5BC4C6-3E10-425E-A125-39BD860F3F77}"
EndProject
Project("{FAE04EC0-301F-11D3-BF4B-00C04F79EFBC}") = "testWinForm", "..\testWinForm\testWinForm.csproj", "{E698302F-74BC-4602-85C1-AD128CE2C09E}"
EndProject
Project("{2150E333-8FDC-42A3-9474-1A3956D46DE8}") = "Solution Items", "Solution Items", "{669B34DF-4545-4D30-900D-C7F2AFE2B9CD}"
	ProjectSection(SolutionItems) = preProject
		.editorconfig = .editorconfig
	EndProjectSection
EndProject
Project("{9A19103F-16F7-4668-BE54-9A1E7A4F7556}") = "Strategy", "..\Strategy\Strategy.csproj", "{AD8B84D0-5AE8-4AD9-A01E-702A04D30ADC}"
EndProject
Project("{9A19103F-16F7-4668-BE54-9A1E7A4F7556}") = "Blog", "..\blog\Blog.csproj", "{6F9C6884-C5C7-4C77-85BC-D1909EA3B4AE}"
EndProject
Project("{2150E333-8FDC-42A3-9474-1A3956D46DE8}") = "GNIVC", "GNIVC", "{99D2F555-5BE2-4E63-821B-3FF43E615097}"
EndProject
Project("{FAE04EC0-301F-11D3-BF4B-00C04F79EFBC}") = "DemoMVK_Instanse_Strategy", "..\DemoMVK_Instanse_Strategy\DemoMVK_Instanse_Strategy.csproj", "{9986032F-44CA-47F6-9ED5-834262540BC7}"
EndProject
Global
	GlobalSection(SolutionConfigurationPlatforms) = preSolution
		Debug|Any CPU = Debug|Any CPU
		Release|Any CPU = Release|Any CPU
	EndGlobalSection
	GlobalSection(ProjectConfigurationPlatforms) = postSolution
		{95E9653B-A7F3-41CF-BF57-AFAFCEAAD69B}.Debug|Any CPU.ActiveCfg = Debug|Any CPU
		{95E9653B-A7F3-41CF-BF57-AFAFCEAAD69B}.Debug|Any CPU.Build.0 = Debug|Any CPU
		{95E9653B-A7F3-41CF-BF57-AFAFCEAAD69B}.Release|Any CPU.ActiveCfg = Release|Any CPU
		{95E9653B-A7F3-41CF-BF57-AFAFCEAAD69B}.Release|Any CPU.Build.0 = Release|Any CPU
		{79657285-4F74-4AC3-A526-72A252198AC6}.Debug|Any CPU.ActiveCfg = Debug|Any CPU
		{79657285-4F74-4AC3-A526-72A252198AC6}.Debug|Any CPU.Build.0 = Debug|Any CPU
		{79657285-4F74-4AC3-A526-72A252198AC6}.Release|Any CPU.ActiveCfg = Release|Any CPU
		{79657285-4F74-4AC3-A526-72A252198AC6}.Release|Any CPU.Build.0 = Release|Any CPU
		{9E46D221-2788-4212-94FE-1D9F761C89F7}.Debug|Any CPU.ActiveCfg = Debug|Any CPU
		{9E46D221-2788-4212-94FE-1D9F761C89F7}.Debug|Any CPU.Build.0 = Debug|Any CPU
		{9E46D221-2788-4212-94FE-1D9F761C89F7}.Release|Any CPU.ActiveCfg = Release|Any CPU
		{9E46D221-2788-4212-94FE-1D9F761C89F7}.Release|Any CPU.Build.0 = Release|Any CPU
		{D0200890-783A-42CD-9493-EB76AE87D60C}.Debug|Any CPU.ActiveCfg = Debug|Any CPU
		{D0200890-783A-42CD-9493-EB76AE87D60C}.Debug|Any CPU.Build.0 = Debug|Any CPU
		{D0200890-783A-42CD-9493-EB76AE87D60C}.Release|Any CPU.ActiveCfg = Release|Any CPU
		{D0200890-783A-42CD-9493-EB76AE87D60C}.Release|Any CPU.Build.0 = Release|Any CPU
		{685AA301-93B1-41D8-9ED3-C3C9A98D7EE2}.Debug|Any CPU.ActiveCfg = Debug|Any CPU
		{685AA301-93B1-41D8-9ED3-C3C9A98D7EE2}.Debug|Any CPU.Build.0 = Debug|Any CPU
		{685AA301-93B1-41D8-9ED3-C3C9A98D7EE2}.Release|Any CPU.ActiveCfg = Release|Any CPU
		{685AA301-93B1-41D8-9ED3-C3C9A98D7EE2}.Release|Any CPU.Build.0 = Release|Any CPU
		{D223CB0F-B1F3-444B-865F-F2BFCAC658F1}.Debug|Any CPU.ActiveCfg = Debug|Any CPU
		{D223CB0F-B1F3-444B-865F-F2BFCAC658F1}.Debug|Any CPU.Build.0 = Debug|Any CPU
		{D223CB0F-B1F3-444B-865F-F2BFCAC658F1}.Release|Any CPU.ActiveCfg = Release|Any CPU
		{D223CB0F-B1F3-444B-865F-F2BFCAC658F1}.Release|Any CPU.Build.0 = Release|Any CPU
		{FB18C559-7405-461D-B9A2-271CA9791143}.Debug|Any CPU.ActiveCfg = Debug|Any CPU
		{FB18C559-7405-461D-B9A2-271CA9791143}.Debug|Any CPU.Build.0 = Debug|Any CPU
		{FB18C559-7405-461D-B9A2-271CA9791143}.Release|Any CPU.ActiveCfg = Release|Any CPU
		{FB18C559-7405-461D-B9A2-271CA9791143}.Release|Any CPU.Build.0 = Release|Any CPU
		{F4760243-24C1-4039-B473-82058AE3EF82}.Debug|Any CPU.ActiveCfg = Debug|Any CPU
		{F4760243-24C1-4039-B473-82058AE3EF82}.Debug|Any CPU.Build.0 = Debug|Any CPU
		{F4760243-24C1-4039-B473-82058AE3EF82}.Release|Any CPU.ActiveCfg = Release|Any CPU
		{F4760243-24C1-4039-B473-82058AE3EF82}.Release|Any CPU.Build.0 = Release|Any CPU
		{7EAE8084-C267-492C-9709-903DE3A07971}.Debug|Any CPU.ActiveCfg = Debug|Any CPU
		{7EAE8084-C267-492C-9709-903DE3A07971}.Debug|Any CPU.Build.0 = Debug|Any CPU
		{7EAE8084-C267-492C-9709-903DE3A07971}.Release|Any CPU.ActiveCfg = Release|Any CPU
		{7EAE8084-C267-492C-9709-903DE3A07971}.Release|Any CPU.Build.0 = Release|Any CPU
		{9E741E69-839F-47EC-97EA-A6C1FA5F38A6}.Debug|Any CPU.ActiveCfg = Debug|Any CPU
		{9E741E69-839F-47EC-97EA-A6C1FA5F38A6}.Debug|Any CPU.Build.0 = Debug|Any CPU
		{9E741E69-839F-47EC-97EA-A6C1FA5F38A6}.Release|Any CPU.ActiveCfg = Release|Any CPU
		{9E741E69-839F-47EC-97EA-A6C1FA5F38A6}.Release|Any CPU.Build.0 = Release|Any CPU
		{58ADE50D-A067-4208-8023-8409509D83E2}.Debug|Any CPU.ActiveCfg = Debug|Any CPU
		{58ADE50D-A067-4208-8023-8409509D83E2}.Debug|Any CPU.Build.0 = Debug|Any CPU
		{58ADE50D-A067-4208-8023-8409509D83E2}.Release|Any CPU.ActiveCfg = Release|Any CPU
		{58ADE50D-A067-4208-8023-8409509D83E2}.Release|Any CPU.Build.0 = Release|Any CPU
		{853101E5-8DB9-4D59-B6FC-302704ECCF81}.Debug|Any CPU.ActiveCfg = Debug|Any CPU
		{853101E5-8DB9-4D59-B6FC-302704ECCF81}.Debug|Any CPU.Build.0 = Debug|Any CPU
		{853101E5-8DB9-4D59-B6FC-302704ECCF81}.Release|Any CPU.ActiveCfg = Release|Any CPU
		{853101E5-8DB9-4D59-B6FC-302704ECCF81}.Release|Any CPU.Build.0 = Release|Any CPU
		{62948EB4-0FDC-445A-802F-D286AB224D43}.Debug|Any CPU.ActiveCfg = Debug|Any CPU
		{62948EB4-0FDC-445A-802F-D286AB224D43}.Debug|Any CPU.Build.0 = Debug|Any CPU
		{62948EB4-0FDC-445A-802F-D286AB224D43}.Release|Any CPU.ActiveCfg = Release|Any CPU
		{62948EB4-0FDC-445A-802F-D286AB224D43}.Release|Any CPU.Build.0 = Release|Any CPU
		{8B6CC623-EA70-48DA-92FD-C5775D46E5B3}.Debug|Any CPU.ActiveCfg = Debug|Any CPU
		{8B6CC623-EA70-48DA-92FD-C5775D46E5B3}.Debug|Any CPU.Build.0 = Debug|Any CPU
		{8B6CC623-EA70-48DA-92FD-C5775D46E5B3}.Release|Any CPU.ActiveCfg = Release|Any CPU
		{8B6CC623-EA70-48DA-92FD-C5775D46E5B3}.Release|Any CPU.Build.0 = Release|Any CPU
		{83E54B35-E5B9-4C68-868F-27715508A44D}.Debug|Any CPU.ActiveCfg = Debug|Any CPU
		{83E54B35-E5B9-4C68-868F-27715508A44D}.Debug|Any CPU.Build.0 = Debug|Any CPU
		{83E54B35-E5B9-4C68-868F-27715508A44D}.Release|Any CPU.ActiveCfg = Release|Any CPU
		{83E54B35-E5B9-4C68-868F-27715508A44D}.Release|Any CPU.Build.0 = Release|Any CPU
		{E427E74C-BE77-454E-927B-04677A48BA14}.Debug|Any CPU.ActiveCfg = Debug|Any CPU
		{E427E74C-BE77-454E-927B-04677A48BA14}.Debug|Any CPU.Build.0 = Debug|Any CPU
		{E427E74C-BE77-454E-927B-04677A48BA14}.Release|Any CPU.ActiveCfg = Release|Any CPU
		{E427E74C-BE77-454E-927B-04677A48BA14}.Release|Any CPU.Build.0 = Release|Any CPU
		{9F3631F9-457B-4098-844F-936FAB56B49E}.Debug|Any CPU.ActiveCfg = Debug|Any CPU
		{9F3631F9-457B-4098-844F-936FAB56B49E}.Debug|Any CPU.Build.0 = Debug|Any CPU
		{9F3631F9-457B-4098-844F-936FAB56B49E}.Release|Any CPU.ActiveCfg = Release|Any CPU
		{9F3631F9-457B-4098-844F-936FAB56B49E}.Release|Any CPU.Build.0 = Release|Any CPU
		{E346AC19-52C6-4AC8-A91C-5B0ADAD5F687}.Debug|Any CPU.ActiveCfg = Debug|Any CPU
		{E346AC19-52C6-4AC8-A91C-5B0ADAD5F687}.Debug|Any CPU.Build.0 = Debug|Any CPU
		{E346AC19-52C6-4AC8-A91C-5B0ADAD5F687}.Release|Any CPU.ActiveCfg = Release|Any CPU
		{E346AC19-52C6-4AC8-A91C-5B0ADAD5F687}.Release|Any CPU.Build.0 = Release|Any CPU
		{302DA957-6015-4F82-8DCA-2A141C3C7157}.Debug|Any CPU.ActiveCfg = Debug|Any CPU
		{302DA957-6015-4F82-8DCA-2A141C3C7157}.Debug|Any CPU.Build.0 = Debug|Any CPU
		{302DA957-6015-4F82-8DCA-2A141C3C7157}.Release|Any CPU.ActiveCfg = Release|Any CPU
		{302DA957-6015-4F82-8DCA-2A141C3C7157}.Release|Any CPU.Build.0 = Release|Any CPU
		{7A5BC4C6-3E10-425E-A125-39BD860F3F77}.Debug|Any CPU.ActiveCfg = Debug|Any CPU
		{7A5BC4C6-3E10-425E-A125-39BD860F3F77}.Debug|Any CPU.Build.0 = Debug|Any CPU
		{7A5BC4C6-3E10-425E-A125-39BD860F3F77}.Release|Any CPU.ActiveCfg = Release|Any CPU
		{7A5BC4C6-3E10-425E-A125-39BD860F3F77}.Release|Any CPU.Build.0 = Release|Any CPU
		{E698302F-74BC-4602-85C1-AD128CE2C09E}.Debug|Any CPU.ActiveCfg = Debug|Any CPU
		{E698302F-74BC-4602-85C1-AD128CE2C09E}.Debug|Any CPU.Build.0 = Debug|Any CPU
		{E698302F-74BC-4602-85C1-AD128CE2C09E}.Release|Any CPU.ActiveCfg = Release|Any CPU
		{E698302F-74BC-4602-85C1-AD128CE2C09E}.Release|Any CPU.Build.0 = Release|Any CPU
		{AD8B84D0-5AE8-4AD9-A01E-702A04D30ADC}.Debug|Any CPU.ActiveCfg = Debug|Any CPU
		{AD8B84D0-5AE8-4AD9-A01E-702A04D30ADC}.Debug|Any CPU.Build.0 = Debug|Any CPU
		{AD8B84D0-5AE8-4AD9-A01E-702A04D30ADC}.Release|Any CPU.ActiveCfg = Release|Any CPU
		{AD8B84D0-5AE8-4AD9-A01E-702A04D30ADC}.Release|Any CPU.Build.0 = Release|Any CPU
		{6F9C6884-C5C7-4C77-85BC-D1909EA3B4AE}.Debug|Any CPU.ActiveCfg = Debug|Any CPU
		{6F9C6884-C5C7-4C77-85BC-D1909EA3B4AE}.Debug|Any CPU.Build.0 = Debug|Any CPU
		{6F9C6884-C5C7-4C77-85BC-D1909EA3B4AE}.Release|Any CPU.ActiveCfg = Release|Any CPU
		{6F9C6884-C5C7-4C77-85BC-D1909EA3B4AE}.Release|Any CPU.Build.0 = Release|Any CPU
		{9986032F-44CA-47F6-9ED5-834262540BC7}.Debug|Any CPU.ActiveCfg = Debug|Any CPU
		{9986032F-44CA-47F6-9ED5-834262540BC7}.Debug|Any CPU.Build.0 = Debug|Any CPU
		{9986032F-44CA-47F6-9ED5-834262540BC7}.Release|Any CPU.ActiveCfg = Release|Any CPU
		{9986032F-44CA-47F6-9ED5-834262540BC7}.Release|Any CPU.Build.0 = Release|Any CPU
	EndGlobalSection
	GlobalSection(SolutionProperties) = preSolution
		HideSolutionNode = FALSE
	EndGlobalSection
	GlobalSection(NestedProjects) = preSolution
		{685AA301-93B1-41D8-9ED3-C3C9A98D7EE2} = {1F7C645D-3D42-4F1C-B224-F351BE09A3A4}
		{D223CB0F-B1F3-444B-865F-F2BFCAC658F1} = {F3EFD041-0D79-4E4C-A09C-697047F1CEF9}
		{FB18C559-7405-461D-B9A2-271CA9791143} = {F3EFD041-0D79-4E4C-A09C-697047F1CEF9}
		{F4760243-24C1-4039-B473-82058AE3EF82} = {1F7C645D-3D42-4F1C-B224-F351BE09A3A4}
		{7EAE8084-C267-492C-9709-903DE3A07971} = {F3EFD041-0D79-4E4C-A09C-697047F1CEF9}
		{9E741E69-839F-47EC-97EA-A6C1FA5F38A6} = {F3EFD041-0D79-4E4C-A09C-697047F1CEF9}
		{38CE03B9-7685-4D9D-B4A7-7F4C20991CD9} = {F3EFD041-0D79-4E4C-A09C-697047F1CEF9}
		{58ADE50D-A067-4208-8023-8409509D83E2} = {38CE03B9-7685-4D9D-B4A7-7F4C20991CD9}
		{853101E5-8DB9-4D59-B6FC-302704ECCF81} = {1F7C645D-3D42-4F1C-B224-F351BE09A3A4}
		{62948EB4-0FDC-445A-802F-D286AB224D43} = {0E986862-F952-484C-91C8-586176609C59}
		{8B6CC623-EA70-48DA-92FD-C5775D46E5B3} = {F3EFD041-0D79-4E4C-A09C-697047F1CEF9}
		{83E54B35-E5B9-4C68-868F-27715508A44D} = {0E986862-F952-484C-91C8-586176609C59}
		{E427E74C-BE77-454E-927B-04677A48BA14} = {0E986862-F952-484C-91C8-586176609C59}
		{9F3631F9-457B-4098-844F-936FAB56B49E} = {0E986862-F952-484C-91C8-586176609C59}
		{E346AC19-52C6-4AC8-A91C-5B0ADAD5F687} = {0E986862-F952-484C-91C8-586176609C59}
		{9E85E668-76BD-4C5B-8599-B8DC9DC8E5B5} = {0E986862-F952-484C-91C8-586176609C59}
		{302DA957-6015-4F82-8DCA-2A141C3C7157} = {9E85E668-76BD-4C5B-8599-B8DC9DC8E5B5}
		{E698302F-74BC-4602-85C1-AD128CE2C09E} = {0E986862-F952-484C-91C8-586176609C59}
		{AD8B84D0-5AE8-4AD9-A01E-702A04D30ADC} = {F3EFD041-0D79-4E4C-A09C-697047F1CEF9}
		{6F9C6884-C5C7-4C77-85BC-D1909EA3B4AE} = {0E986862-F952-484C-91C8-586176609C59}
		{99D2F555-5BE2-4E63-821B-3FF43E615097} = {F3EFD041-0D79-4E4C-A09C-697047F1CEF9}
		{9986032F-44CA-47F6-9ED5-834262540BC7} = {99D2F555-5BE2-4E63-821B-3FF43E615097}
	EndGlobalSection
	GlobalSection(ExtensibilityGlobals) = postSolution
		SolutionGuid = {FA4B12C4-B14D-4FB0-B002-057D0A13681F}
	EndGlobalSection
EndGlobal
