
Microsoft Visual Studio Solution File, Format Version 12.00
# Visual Studio Version 16
VisualStudioVersion = 16.0.31613.86
MinimumVisualStudioVersion = 10.0.40219.1
Project("{FAE04EC0-301F-11D3-BF4B-00C04F79EFBC}") = "WinForms игры с дизайнером", "WinForms игры с дизайнером.csproj", "{D0200890-783A-42CD-9493-EB76AE87D60C}"
EndProject
Global
	GlobalSection(SolutionConfigurationPlatforms) = preSolution
		Debug|Any CPU = Debug|Any CPU
		Release|Any CPU = Release|Any CPU
	EndGlobalSection
	GlobalSection(ProjectConfigurationPlatforms) = postSolution
		{D0200890-783A-42CD-9493-EB76AE87D60C}.Debug|Any CPU.ActiveCfg = Debug|Any CPU
		{D0200890-783A-42CD-9493-EB76AE87D60C}.Debug|Any CPU.Build.0 = Debug|Any CPU
		{D0200890-783A-42CD-9493-EB76AE87D60C}.Release|Any CPU.ActiveCfg = Release|Any CPU
		{D0200890-783A-42CD-9493-EB76AE87D60C}.Release|Any CPU.Build.0 = Release|Any CPU
	EndGlobalSection
	GlobalSection(SolutionProperties) = preSolution
		HideSolutionNode = FALSE
	EndGlobalSection
	GlobalSection(ExtensibilityGlobals) = postSolution
		SolutionGuid = {25292519-9C5E-4A6B-B959-9E1DB2069C7A}
	EndGlobalSection
EndGlobal
